
Microsoft Visual Studio Solution File, Format Version 12.00
# Visual Studio Version 17
VisualStudioVersion = 17.1.32210.238
MinimumVisualStudioVersion = 10.0.40219.1
Project("{FAE04EC0-301F-11D3-BF4B-00C04F79EFBC}") = "GameOfLifeConsole", "GameOfLifeConsole.csproj", "{FC6ED0D0-6163-493B-910A-17D9A76C63CD}"
EndProject
Global
	GlobalSection(SolutionConfigurationPlatforms) = preSolution
		Debug|Any CPU = Debug|Any CPU
		Release|Any CPU = Release|Any CPU
	EndGlobalSection
	GlobalSection(ProjectConfigurationPlatforms) = postSolution
		{FC6ED0D0-6163-493B-910A-17D9A76C63CD}.Debug|Any CPU.ActiveCfg = Debug|Any CPU
		{FC6ED0D0-6163-493B-910A-17D9A76C63CD}.Debug|Any CPU.Build.0 = Debug|Any CPU
		{FC6ED0D0-6163-493B-910A-17D9A76C63CD}.Release|Any CPU.ActiveCfg = Release|Any CPU
		{FC6ED0D0-6163-493B-910A-17D9A76C63CD}.Release|Any CPU.Build.0 = Release|Any CPU
	EndGlobalSection
	GlobalSection(SolutionProperties) = preSolution
		HideSolutionNode = FALSE
	EndGlobalSection
	GlobalSection(ExtensibilityGlobals) = postSolution
		SolutionGuid = {D583A7AD-D1A4-4A21-B119-E06B7F917F70}
	EndGlobalSection
EndGlobal
